
Microsoft Visual Studio Solution File, Format Version 12.00
# Visual Studio Version 17
VisualStudioVersion = 17.14.36203.30
MinimumVisualStudioVersion = 10.0.40219.1
Project("{FAE04EC0-301F-11D3-BF4B-00C04F79EFBC}") = "SharePointMcpServer", "SharePointMcpServer.csproj", "{C1542C91-8FA9-42C4-A911-C209E40ADACC}"
EndProject
Project("{FAE04EC0-301F-11D3-BF4B-00C04F79EFBC}") = "SharePointConnectors", "..\SharePointConnectors\SharePointConnectors.csproj", "{A5EF9C13-514F-4544-810A-B1A51C225C63}"
EndProject
Global
	GlobalSection(SolutionConfigurationPlatforms) = preSolution
		Debug|Any CPU = Debug|Any CPU
		Release|Any CPU = Release|Any CPU
	EndGlobalSection
	GlobalSection(ProjectConfigurationPlatforms) = postSolution
		{C1542C91-8FA9-42C4-A911-C209E40ADACC}.Debug|Any CPU.ActiveCfg = Debug|Any CPU
		{C1542C91-8FA9-42C4-A911-C209E40ADACC}.Debug|Any CPU.Build.0 = Debug|Any CPU
		{C1542C91-8FA9-42C4-A911-C209E40ADACC}.Release|Any CPU.ActiveCfg = Release|Any CPU
		{C1542C91-8FA9-42C4-A911-C209E40ADACC}.Release|Any CPU.Build.0 = Release|Any CPU
		{A5EF9C13-514F-4544-810A-B1A51C225C63}.Debug|Any CPU.ActiveCfg = Debug|Any CPU
		{A5EF9C13-514F-4544-810A-B1A51C225C63}.Debug|Any CPU.Build.0 = Debug|Any CPU
		{A5EF9C13-514F-4544-810A-B1A51C225C63}.Release|Any CPU.ActiveCfg = Release|Any CPU
		{A5EF9C13-514F-4544-810A-B1A51C225C63}.Release|Any CPU.Build.0 = Release|Any CPU
	EndGlobalSection
	GlobalSection(SolutionProperties) = preSolution
		HideSolutionNode = FALSE
	EndGlobalSection
	GlobalSection(ExtensibilityGlobals) = postSolution
		SolutionGuid = {E5FFC2BF-C507-49B0-80DD-6A09074BB42C}
	EndGlobalSection
EndGlobal
