
Microsoft Visual Studio Solution File, Format Version 12.00
# Visual Studio Version 17
VisualStudioVersion = 17.14.36301.6 d17.14
MinimumVisualStudioVersion = 10.0.40219.1
Project("{FAE04EC0-301F-11D3-BF4B-00C04F79EFBC}") = "SharePointMcpClinet", "SharePointMcpClinet.csproj", "{2DC5D61E-D6E8-4A1D-A3F0-BA971596A9A2}"
EndProject
Global
	GlobalSection(SolutionConfigurationPlatforms) = preSolution
		Debug|Any CPU = Debug|Any CPU
		Release|Any CPU = Release|Any CPU
	EndGlobalSection
	GlobalSection(ProjectConfigurationPlatforms) = postSolution
		{2DC5D61E-D6E8-4A1D-A3F0-BA971596A9A2}.Debug|Any CPU.ActiveCfg = Debug|Any CPU
		{2DC5D61E-D6E8-4A1D-A3F0-BA971596A9A2}.Debug|Any CPU.Build.0 = Debug|Any CPU
		{2DC5D61E-D6E8-4A1D-A3F0-BA971596A9A2}.Release|Any CPU.ActiveCfg = Release|Any CPU
		{2DC5D61E-D6E8-4A1D-A3F0-BA971596A9A2}.Release|Any CPU.Build.0 = Release|Any CPU
	EndGlobalSection
	GlobalSection(SolutionProperties) = preSolution
		HideSolutionNode = FALSE
	EndGlobalSection
	GlobalSection(ExtensibilityGlobals) = postSolution
		SolutionGuid = {E9335093-A786-42DC-949D-ECEBDE3341AF}
	EndGlobalSection
EndGlobal
